
Microsoft Visual Studio Solution File, Format Version 11.00
# Visual Studio 2010
Project("{FAE04EC0-301F-11D3-BF4B-00C04F79EFBC}") = "Assembly-CSharp", "Assembly-CSharp.csproj", "{2721e83c-51e1-1c8d-213b-3163b2a9712d}"
EndProject
Project("{FAE04EC0-301F-11D3-BF4B-00C04F79EFBC}") = "Assembly-CSharp-firstpass", "Assembly-CSharp-firstpass.csproj", "{9696706e-ea61-76a7-82b3-1b02ad7a1879}"
EndProject
Project("{FAE04EC0-301F-11D3-BF4B-00C04F79EFBC}") = "Assembly-CSharp-Editor", "Assembly-CSharp-Editor.csproj", "{754c809f-3462-d4d4-d8e8-1e282e03de7e}"
EndProject
Global
	GlobalSection(SolutionConfigurationPlatforms) = preSolution
		Debug|Any CPU = Debug|Any CPU
	EndGlobalSection
	GlobalSection(ProjectConfigurationPlatforms) = postSolution
		{2721e83c-51e1-1c8d-213b-3163b2a9712d}.Debug|Any CPU.ActiveCfg = Debug|Any CPU
		{2721e83c-51e1-1c8d-213b-3163b2a9712d}.Debug|Any CPU.Build.0 = Debug|Any CPU
		{9696706e-ea61-76a7-82b3-1b02ad7a1879}.Debug|Any CPU.ActiveCfg = Debug|Any CPU
		{9696706e-ea61-76a7-82b3-1b02ad7a1879}.Debug|Any CPU.Build.0 = Debug|Any CPU
		{754c809f-3462-d4d4-d8e8-1e282e03de7e}.Debug|Any CPU.ActiveCfg = Debug|Any CPU
		{754c809f-3462-d4d4-d8e8-1e282e03de7e}.Debug|Any CPU.Build.0 = Debug|Any CPU
	EndGlobalSection
	GlobalSection(SolutionProperties) = preSolution
		HideSolutionNode = FALSE
	EndGlobalSection
EndGlobal
